
Microsoft Visual Studio Solution File, Format Version 12.00
# Visual Studio Version 17
VisualStudioVersion = 17.5.002.0
MinimumVisualStudioVersion = 10.0.40219.1
Project("{9A19103F-16F7-4668-BE54-9A1E7A4F7556}") = "Contacts", "Contacts.csproj", "{35D27D4F-10C4-41EF-AE89-591EFA1BFB6A}"
EndProject
Global
	GlobalSection(SolutionConfigurationPlatforms) = preSolution
		Debug|Any CPU = Debug|Any CPU
		Release|Any CPU = Release|Any CPU
	EndGlobalSection
	GlobalSection(ProjectConfigurationPlatforms) = postSolution
		{35D27D4F-10C4-41EF-AE89-591EFA1BFB6A}.Debug|Any CPU.ActiveCfg = Debug|Any CPU
		{35D27D4F-10C4-41EF-AE89-591EFA1BFB6A}.Debug|Any CPU.Build.0 = Debug|Any CPU
		{35D27D4F-10C4-41EF-AE89-591EFA1BFB6A}.Release|Any CPU.ActiveCfg = Release|Any CPU
		{35D27D4F-10C4-41EF-AE89-591EFA1BFB6A}.Release|Any CPU.Build.0 = Release|Any CPU
	EndGlobalSection
	GlobalSection(SolutionProperties) = preSolution
		HideSolutionNode = FALSE
	EndGlobalSection
	GlobalSection(ExtensibilityGlobals) = postSolution
		SolutionGuid = {0091B463-58FD-4224-9603-4FA393371CA8}
	EndGlobalSection
EndGlobal
